
Microsoft Visual Studio Solution File, Format Version 12.00
# Visual Studio Version 16
VisualStudioVersion = 16.0.29418.71
MinimumVisualStudioVersion = 10.0.40219.1
Project("{FAE04EC0-301F-11D3-BF4B-00C04F79EFBC}") = "EMRULLAH YILMAZ YEMEK ŞİPARİŞ OTOMASYONU", "EMRULLAH YILMAZ YEMEK ŞİPARİŞ OTOMASYONU\EMRULLAH YILMAZ YEMEK ŞİPARİŞ OTOMASYONU.csproj", "{1665FA8E-D7AA-47EB-8132-41AA5FAA853D}"
EndProject
Global
	GlobalSection(SolutionConfigurationPlatforms) = preSolution
		Debug|Any CPU = Debug|Any CPU
		Release|Any CPU = Release|Any CPU
	EndGlobalSection
	GlobalSection(ProjectConfigurationPlatforms) = postSolution
		{1665FA8E-D7AA-47EB-8132-41AA5FAA853D}.Debug|Any CPU.ActiveCfg = Debug|Any CPU
		{1665FA8E-D7AA-47EB-8132-41AA5FAA853D}.Debug|Any CPU.Build.0 = Debug|Any CPU
		{1665FA8E-D7AA-47EB-8132-41AA5FAA853D}.Release|Any CPU.ActiveCfg = Release|Any CPU
		{1665FA8E-D7AA-47EB-8132-41AA5FAA853D}.Release|Any CPU.Build.0 = Release|Any CPU
	EndGlobalSection
	GlobalSection(SolutionProperties) = preSolution
		HideSolutionNode = FALSE
	EndGlobalSection
	GlobalSection(ExtensibilityGlobals) = postSolution
		SolutionGuid = {544574B3-1E88-46FE-925A-B9773F982A0B}
	EndGlobalSection
EndGlobal
